
Microsoft Visual Studio Solution File, Format Version 12.00
# Visual Studio 15
Project("{FAE04EC0-301F-11D3-BF4B-00C04F79EFBC}") = "FastSpringBone", "FastSpringBone.csproj", "{B9A8D615-959A-01B1-B07B-2251B7B959BC}"
EndProject
Project("{FAE04EC0-301F-11D3-BF4B-00C04F79EFBC}") = "UniGLTF", "UniGLTF.csproj", "{EF788C20-508D-5CE7-FEAB-968E27F06AC6}"
EndProject
Project("{FAE04EC0-301F-11D3-BF4B-00C04F79EFBC}") = "UniHumanoid", "UniHumanoid.csproj", "{56631A7E-26BD-7D30-61BE-D96AA833CF0A}"
EndProject
Project("{FAE04EC0-301F-11D3-BF4B-00C04F79EFBC}") = "VRM", "VRM.csproj", "{12D4D3C2-E789-0FFC-D705-4EEC0EB5549B}"
EndProject
Project("{FAE04EC0-301F-11D3-BF4B-00C04F79EFBC}") = "VRMShaders.GLTF.IO.Runtime", "VRMShaders.GLTF.IO.Runtime.csproj", "{E2F66298-AD0C-3852-F605-A2AF99235C7D}"
EndProject
Project("{FAE04EC0-301F-11D3-BF4B-00C04F79EFBC}") = "Assembly-CSharp", "Assembly-CSharp.csproj", "{A48DF911-1E25-3B5D-77AC-5A0CF14A56C0}"
EndProject
Project("{FAE04EC0-301F-11D3-BF4B-00C04F79EFBC}") = "VRMShaders.VRM10.MToon10.Runtime", "VRMShaders.VRM10.MToon10.Runtime.csproj", "{A5F918E5-D3D1-577D-3D05-0E8C7C8279C3}"
EndProject
Project("{FAE04EC0-301F-11D3-BF4B-00C04F79EFBC}") = "Assembly-CSharp-firstpass", "Assembly-CSharp-firstpass.csproj", "{6E8D4060-DDEB-3F99-29C0-A38F41519AF9}"
EndProject
Project("{FAE04EC0-301F-11D3-BF4B-00C04F79EFBC}") = "VRMShaders.GLTF.UniUnlit.Runtime", "VRMShaders.GLTF.UniUnlit.Runtime.csproj", "{F09EC40E-A0CA-412A-5CB7-49856C04DBEE}"
EndProject
Project("{FAE04EC0-301F-11D3-BF4B-00C04F79EFBC}") = "VRMShaders.VRM.IO.Runtime", "VRMShaders.VRM.IO.Runtime.csproj", "{BBAC47F8-762A-7C9E-C031-BCD65671AA78}"
EndProject
Project("{FAE04EC0-301F-11D3-BF4B-00C04F79EFBC}") = "MToon", "MToon.csproj", "{2312F70F-B6A0-95B3-5B2B-2542C968A283}"
EndProject
Project("{FAE04EC0-301F-11D3-BF4B-00C04F79EFBC}") = "VRMShaders.VRM10.Format.Runtime", "VRMShaders.VRM10.Format.Runtime.csproj", "{57284182-5FB8-5622-1488-B1B90A2706B6}"
EndProject
Project("{FAE04EC0-301F-11D3-BF4B-00C04F79EFBC}") = "UniGLTF.Samples.ScreenSpace", "UniGLTF.Samples.ScreenSpace.csproj", "{1B60DE6C-9F81-3B11-CE75-0E36A237EF5D}"
EndProject
Project("{FAE04EC0-301F-11D3-BF4B-00C04F79EFBC}") = "VRM.Tests", "VRM.Tests.csproj", "{2F483451-78A2-BB2B-13FF-D4C86C29455F}"
EndProject
Project("{FAE04EC0-301F-11D3-BF4B-00C04F79EFBC}") = "UniGLTF.Tests", "UniGLTF.Tests.csproj", "{58D5EE9D-E650-00A4-D17D-6539E7563EE0}"
EndProject
Project("{FAE04EC0-301F-11D3-BF4B-00C04F79EFBC}") = "UniGLTF.Editor", "UniGLTF.Editor.csproj", "{7F7187A4-6582-D010-57CD-B7A14DDAB0A9}"
EndProject
Project("{FAE04EC0-301F-11D3-BF4B-00C04F79EFBC}") = "UniVRM.Editor", "UniVRM.Editor.csproj", "{92A3D7D6-2D65-8CA4-2A9B-D4C3E770C31A}"
EndProject
Project("{FAE04EC0-301F-11D3-BF4B-00C04F79EFBC}") = "VRMShaders.GLTF.UniUnlit.Editor", "VRMShaders.GLTF.UniUnlit.Editor.csproj", "{D3303093-57C9-3313-A125-979711F9951A}"
EndProject
Project("{FAE04EC0-301F-11D3-BF4B-00C04F79EFBC}") = "UniHumanoid.Editor", "UniHumanoid.Editor.csproj", "{6A44A7A7-351E-0178-D135-D580FA66A56C}"
EndProject
Project("{FAE04EC0-301F-11D3-BF4B-00C04F79EFBC}") = "VRMShaders.GLTF.IO.Tests", "VRMShaders.GLTF.IO.Tests.csproj", "{5B72F32A-B527-3AF5-11F6-641516DE4F48}"
EndProject
Project("{FAE04EC0-301F-11D3-BF4B-00C04F79EFBC}") = "Assembly-CSharp-Editor", "Assembly-CSharp-Editor.csproj", "{2A6BC04B-8BED-7FEC-BBBF-D51D2ECA20DF}"
EndProject
Project("{FAE04EC0-301F-11D3-BF4B-00C04F79EFBC}") = "Assembly-CSharp-Editor-firstpass", "Assembly-CSharp-Editor-firstpass.csproj", "{3AD97A57-5EE1-6808-94A8-7B92CE2D8DF2}"
EndProject
Project("{FAE04EC0-301F-11D3-BF4B-00C04F79EFBC}") = "VRMShaders.VRM10.MToon10.Tests", "VRMShaders.VRM10.MToon10.Tests.csproj", "{051CABCA-1817-86E4-ED09-0B1389CF4CF8}"
EndProject
Project("{FAE04EC0-301F-11D3-BF4B-00C04F79EFBC}") = "VRMShaders.VRM10.MToon10.Editor", "VRMShaders.VRM10.MToon10.Editor.csproj", "{A683C6A6-7953-AAE9-3298-9CE962D2505E}"
EndProject
Project("{FAE04EC0-301F-11D3-BF4B-00C04F79EFBC}") = "UniHumanoid.Editor.Tests", "UniHumanoid.Editor.Tests.csproj", "{A4CF0920-B895-F72D-1DF2-2A6EB40B90C4}"
EndProject
Project("{FAE04EC0-301F-11D3-BF4B-00C04F79EFBC}") = "MToon.Editor", "MToon.Editor.csproj", "{D1E6ED8D-6742-6311-0829-142A654F87AE}"
EndProject
Project("{FAE04EC0-301F-11D3-BF4B-00C04F79EFBC}") = "VRM.Samples.Editor.Tests", "VRM.Samples.Editor.Tests.csproj", "{F400A43A-4B67-D284-BEFF-472F9309F3DB}"
EndProject
Project("{FAE04EC0-301F-11D3-BF4B-00C04F79EFBC}") = "VRMShaders.GLTF.IO.Editor", "VRMShaders.GLTF.IO.Editor.csproj", "{ADBB0A2A-D214-80B3-6287-ECDF1D542383}"
EndProject
Project("{FAE04EC0-301F-11D3-BF4B-00C04F79EFBC}") = "VRMShaders.VRM.IO.Editor", "VRMShaders.VRM.IO.Editor.csproj", "{7CD4EDB8-B77F-D554-ECAA-DEB25785A44D}"
EndProject
Global
	GlobalSection(SolutionConfigurationPlatforms) = preSolution
		Debug|Any CPU = Debug|Any CPU
		Release|Any CPU = Release|Any CPU
	EndGlobalSection
	GlobalSection(ProjectConfigurationPlatforms) = postSolution
		{B9A8D615-959A-01B1-B07B-2251B7B959BC}.Debug|Any CPU.ActiveCfg = Debug|Any CPU
		{B9A8D615-959A-01B1-B07B-2251B7B959BC}.Debug|Any CPU.Build.0 = Debug|Any CPU
		{B9A8D615-959A-01B1-B07B-2251B7B959BC}.Release|Any CPU.ActiveCfg = Release|Any CPU
		{B9A8D615-959A-01B1-B07B-2251B7B959BC}.Release|Any CPU.Build.0 = Release|Any CPU
		{EF788C20-508D-5CE7-FEAB-968E27F06AC6}.Debug|Any CPU.ActiveCfg = Debug|Any CPU
		{EF788C20-508D-5CE7-FEAB-968E27F06AC6}.Debug|Any CPU.Build.0 = Debug|Any CPU
		{EF788C20-508D-5CE7-FEAB-968E27F06AC6}.Release|Any CPU.ActiveCfg = Release|Any CPU
		{EF788C20-508D-5CE7-FEAB-968E27F06AC6}.Release|Any CPU.Build.0 = Release|Any CPU
		{56631A7E-26BD-7D30-61BE-D96AA833CF0A}.Debug|Any CPU.ActiveCfg = Debug|Any CPU
		{56631A7E-26BD-7D30-61BE-D96AA833CF0A}.Debug|Any CPU.Build.0 = Debug|Any CPU
		{56631A7E-26BD-7D30-61BE-D96AA833CF0A}.Release|Any CPU.ActiveCfg = Release|Any CPU
		{56631A7E-26BD-7D30-61BE-D96AA833CF0A}.Release|Any CPU.Build.0 = Release|Any CPU
		{12D4D3C2-E789-0FFC-D705-4EEC0EB5549B}.Debug|Any CPU.ActiveCfg = Debug|Any CPU
		{12D4D3C2-E789-0FFC-D705-4EEC0EB5549B}.Debug|Any CPU.Build.0 = Debug|Any CPU
		{12D4D3C2-E789-0FFC-D705-4EEC0EB5549B}.Release|Any CPU.ActiveCfg = Release|Any CPU
		{12D4D3C2-E789-0FFC-D705-4EEC0EB5549B}.Release|Any CPU.Build.0 = Release|Any CPU
		{E2F66298-AD0C-3852-F605-A2AF99235C7D}.Debug|Any CPU.ActiveCfg = Debug|Any CPU
		{E2F66298-AD0C-3852-F605-A2AF99235C7D}.Debug|Any CPU.Build.0 = Debug|Any CPU
		{E2F66298-AD0C-3852-F605-A2AF99235C7D}.Release|Any CPU.ActiveCfg = Release|Any CPU
		{E2F66298-AD0C-3852-F605-A2AF99235C7D}.Release|Any CPU.Build.0 = Release|Any CPU
		{A48DF911-1E25-3B5D-77AC-5A0CF14A56C0}.Debug|Any CPU.ActiveCfg = Debug|Any CPU
		{A48DF911-1E25-3B5D-77AC-5A0CF14A56C0}.Debug|Any CPU.Build.0 = Debug|Any CPU
		{A48DF911-1E25-3B5D-77AC-5A0CF14A56C0}.Release|Any CPU.ActiveCfg = Release|Any CPU
		{A48DF911-1E25-3B5D-77AC-5A0CF14A56C0}.Release|Any CPU.Build.0 = Release|Any CPU
		{A5F918E5-D3D1-577D-3D05-0E8C7C8279C3}.Debug|Any CPU.ActiveCfg = Debug|Any CPU
		{A5F918E5-D3D1-577D-3D05-0E8C7C8279C3}.Debug|Any CPU.Build.0 = Debug|Any CPU
		{A5F918E5-D3D1-577D-3D05-0E8C7C8279C3}.Release|Any CPU.ActiveCfg = Release|Any CPU
		{A5F918E5-D3D1-577D-3D05-0E8C7C8279C3}.Release|Any CPU.Build.0 = Release|Any CPU
		{6E8D4060-DDEB-3F99-29C0-A38F41519AF9}.Debug|Any CPU.ActiveCfg = Debug|Any CPU
		{6E8D4060-DDEB-3F99-29C0-A38F41519AF9}.Debug|Any CPU.Build.0 = Debug|Any CPU
		{6E8D4060-DDEB-3F99-29C0-A38F41519AF9}.Release|Any CPU.ActiveCfg = Release|Any CPU
		{6E8D4060-DDEB-3F99-29C0-A38F41519AF9}.Release|Any CPU.Build.0 = Release|Any CPU
		{F09EC40E-A0CA-412A-5CB7-49856C04DBEE}.Debug|Any CPU.ActiveCfg = Debug|Any CPU
		{F09EC40E-A0CA-412A-5CB7-49856C04DBEE}.Debug|Any CPU.Build.0 = Debug|Any CPU
		{F09EC40E-A0CA-412A-5CB7-49856C04DBEE}.Release|Any CPU.ActiveCfg = Release|Any CPU
		{F09EC40E-A0CA-412A-5CB7-49856C04DBEE}.Release|Any CPU.Build.0 = Release|Any CPU
		{BBAC47F8-762A-7C9E-C031-BCD65671AA78}.Debug|Any CPU.ActiveCfg = Debug|Any CPU
		{BBAC47F8-762A-7C9E-C031-BCD65671AA78}.Debug|Any CPU.Build.0 = Debug|Any CPU
		{BBAC47F8-762A-7C9E-C031-BCD65671AA78}.Release|Any CPU.ActiveCfg = Release|Any CPU
		{BBAC47F8-762A-7C9E-C031-BCD65671AA78}.Release|Any CPU.Build.0 = Release|Any CPU
		{2312F70F-B6A0-95B3-5B2B-2542C968A283}.Debug|Any CPU.ActiveCfg = Debug|Any CPU
		{2312F70F-B6A0-95B3-5B2B-2542C968A283}.Debug|Any CPU.Build.0 = Debug|Any CPU
		{2312F70F-B6A0-95B3-5B2B-2542C968A283}.Release|Any CPU.ActiveCfg = Release|Any CPU
		{2312F70F-B6A0-95B3-5B2B-2542C968A283}.Release|Any CPU.Build.0 = Release|Any CPU
		{57284182-5FB8-5622-1488-B1B90A2706B6}.Debug|Any CPU.ActiveCfg = Debug|Any CPU
		{57284182-5FB8-5622-1488-B1B90A2706B6}.Debug|Any CPU.Build.0 = Debug|Any CPU
		{57284182-5FB8-5622-1488-B1B90A2706B6}.Release|Any CPU.ActiveCfg = Release|Any CPU
		{57284182-5FB8-5622-1488-B1B90A2706B6}.Release|Any CPU.Build.0 = Release|Any CPU
		{1B60DE6C-9F81-3B11-CE75-0E36A237EF5D}.Debug|Any CPU.ActiveCfg = Debug|Any CPU
		{1B60DE6C-9F81-3B11-CE75-0E36A237EF5D}.Debug|Any CPU.Build.0 = Debug|Any CPU
		{1B60DE6C-9F81-3B11-CE75-0E36A237EF5D}.Release|Any CPU.ActiveCfg = Release|Any CPU
		{1B60DE6C-9F81-3B11-CE75-0E36A237EF5D}.Release|Any CPU.Build.0 = Release|Any CPU
		{2F483451-78A2-BB2B-13FF-D4C86C29455F}.Debug|Any CPU.ActiveCfg = Debug|Any CPU
		{2F483451-78A2-BB2B-13FF-D4C86C29455F}.Debug|Any CPU.Build.0 = Debug|Any CPU
		{2F483451-78A2-BB2B-13FF-D4C86C29455F}.Release|Any CPU.ActiveCfg = Release|Any CPU
		{2F483451-78A2-BB2B-13FF-D4C86C29455F}.Release|Any CPU.Build.0 = Release|Any CPU
		{58D5EE9D-E650-00A4-D17D-6539E7563EE0}.Debug|Any CPU.ActiveCfg = Debug|Any CPU
		{58D5EE9D-E650-00A4-D17D-6539E7563EE0}.Debug|Any CPU.Build.0 = Debug|Any CPU
		{58D5EE9D-E650-00A4-D17D-6539E7563EE0}.Release|Any CPU.ActiveCfg = Release|Any CPU
		{58D5EE9D-E650-00A4-D17D-6539E7563EE0}.Release|Any CPU.Build.0 = Release|Any CPU
		{7F7187A4-6582-D010-57CD-B7A14DDAB0A9}.Debug|Any CPU.ActiveCfg = Debug|Any CPU
		{7F7187A4-6582-D010-57CD-B7A14DDAB0A9}.Debug|Any CPU.Build.0 = Debug|Any CPU
		{7F7187A4-6582-D010-57CD-B7A14DDAB0A9}.Release|Any CPU.ActiveCfg = Release|Any CPU
		{7F7187A4-6582-D010-57CD-B7A14DDAB0A9}.Release|Any CPU.Build.0 = Release|Any CPU
		{92A3D7D6-2D65-8CA4-2A9B-D4C3E770C31A}.Debug|Any CPU.ActiveCfg = Debug|Any CPU
		{92A3D7D6-2D65-8CA4-2A9B-D4C3E770C31A}.Debug|Any CPU.Build.0 = Debug|Any CPU
		{92A3D7D6-2D65-8CA4-2A9B-D4C3E770C31A}.Release|Any CPU.ActiveCfg = Release|Any CPU
		{92A3D7D6-2D65-8CA4-2A9B-D4C3E770C31A}.Release|Any CPU.Build.0 = Release|Any CPU
		{D3303093-57C9-3313-A125-979711F9951A}.Debug|Any CPU.ActiveCfg = Debug|Any CPU
		{D3303093-57C9-3313-A125-979711F9951A}.Debug|Any CPU.Build.0 = Debug|Any CPU
		{D3303093-57C9-3313-A125-979711F9951A}.Release|Any CPU.ActiveCfg = Release|Any CPU
		{D3303093-57C9-3313-A125-979711F9951A}.Release|Any CPU.Build.0 = Release|Any CPU
		{6A44A7A7-351E-0178-D135-D580FA66A56C}.Debug|Any CPU.ActiveCfg = Debug|Any CPU
		{6A44A7A7-351E-0178-D135-D580FA66A56C}.Debug|Any CPU.Build.0 = Debug|Any CPU
		{6A44A7A7-351E-0178-D135-D580FA66A56C}.Release|Any CPU.ActiveCfg = Release|Any CPU
		{6A44A7A7-351E-0178-D135-D580FA66A56C}.Release|Any CPU.Build.0 = Release|Any CPU
		{5B72F32A-B527-3AF5-11F6-641516DE4F48}.Debug|Any CPU.ActiveCfg = Debug|Any CPU
		{5B72F32A-B527-3AF5-11F6-641516DE4F48}.Debug|Any CPU.Build.0 = Debug|Any CPU
		{5B72F32A-B527-3AF5-11F6-641516DE4F48}.Release|Any CPU.ActiveCfg = Release|Any CPU
		{5B72F32A-B527-3AF5-11F6-641516DE4F48}.Release|Any CPU.Build.0 = Release|Any CPU
		{2A6BC04B-8BED-7FEC-BBBF-D51D2ECA20DF}.Debug|Any CPU.ActiveCfg = Debug|Any CPU
		{2A6BC04B-8BED-7FEC-BBBF-D51D2ECA20DF}.Debug|Any CPU.Build.0 = Debug|Any CPU
		{2A6BC04B-8BED-7FEC-BBBF-D51D2ECA20DF}.Release|Any CPU.ActiveCfg = Release|Any CPU
		{2A6BC04B-8BED-7FEC-BBBF-D51D2ECA20DF}.Release|Any CPU.Build.0 = Release|Any CPU
		{3AD97A57-5EE1-6808-94A8-7B92CE2D8DF2}.Debug|Any CPU.ActiveCfg = Debug|Any CPU
		{3AD97A57-5EE1-6808-94A8-7B92CE2D8DF2}.Debug|Any CPU.Build.0 = Debug|Any CPU
		{3AD97A57-5EE1-6808-94A8-7B92CE2D8DF2}.Release|Any CPU.ActiveCfg = Release|Any CPU
		{3AD97A57-5EE1-6808-94A8-7B92CE2D8DF2}.Release|Any CPU.Build.0 = Release|Any CPU
		{051CABCA-1817-86E4-ED09-0B1389CF4CF8}.Debug|Any CPU.ActiveCfg = Debug|Any CPU
		{051CABCA-1817-86E4-ED09-0B1389CF4CF8}.Debug|Any CPU.Build.0 = Debug|Any CPU
		{051CABCA-1817-86E4-ED09-0B1389CF4CF8}.Release|Any CPU.ActiveCfg = Release|Any CPU
		{051CABCA-1817-86E4-ED09-0B1389CF4CF8}.Release|Any CPU.Build.0 = Release|Any CPU
		{A683C6A6-7953-AAE9-3298-9CE962D2505E}.Debug|Any CPU.ActiveCfg = Debug|Any CPU
		{A683C6A6-7953-AAE9-3298-9CE962D2505E}.Debug|Any CPU.Build.0 = Debug|Any CPU
		{A683C6A6-7953-AAE9-3298-9CE962D2505E}.Release|Any CPU.ActiveCfg = Release|Any CPU
		{A683C6A6-7953-AAE9-3298-9CE962D2505E}.Release|Any CPU.Build.0 = Release|Any CPU
		{A4CF0920-B895-F72D-1DF2-2A6EB40B90C4}.Debug|Any CPU.ActiveCfg = Debug|Any CPU
		{A4CF0920-B895-F72D-1DF2-2A6EB40B90C4}.Debug|Any CPU.Build.0 = Debug|Any CPU
		{A4CF0920-B895-F72D-1DF2-2A6EB40B90C4}.Release|Any CPU.ActiveCfg = Release|Any CPU
		{A4CF0920-B895-F72D-1DF2-2A6EB40B90C4}.Release|Any CPU.Build.0 = Release|Any CPU
		{D1E6ED8D-6742-6311-0829-142A654F87AE}.Debug|Any CPU.ActiveCfg = Debug|Any CPU
		{D1E6ED8D-6742-6311-0829-142A654F87AE}.Debug|Any CPU.Build.0 = Debug|Any CPU
		{D1E6ED8D-6742-6311-0829-142A654F87AE}.Release|Any CPU.ActiveCfg = Release|Any CPU
		{D1E6ED8D-6742-6311-0829-142A654F87AE}.Release|Any CPU.Build.0 = Release|Any CPU
		{F400A43A-4B67-D284-BEFF-472F9309F3DB}.Debug|Any CPU.ActiveCfg = Debug|Any CPU
		{F400A43A-4B67-D284-BEFF-472F9309F3DB}.Debug|Any CPU.Build.0 = Debug|Any CPU
		{F400A43A-4B67-D284-BEFF-472F9309F3DB}.Release|Any CPU.ActiveCfg = Release|Any CPU
		{F400A43A-4B67-D284-BEFF-472F9309F3DB}.Release|Any CPU.Build.0 = Release|Any CPU
		{ADBB0A2A-D214-80B3-6287-ECDF1D542383}.Debug|Any CPU.ActiveCfg = Debug|Any CPU
		{ADBB0A2A-D214-80B3-6287-ECDF1D542383}.Debug|Any CPU.Build.0 = Debug|Any CPU
		{ADBB0A2A-D214-80B3-6287-ECDF1D542383}.Release|Any CPU.ActiveCfg = Release|Any CPU
		{ADBB0A2A-D214-80B3-6287-ECDF1D542383}.Release|Any CPU.Build.0 = Release|Any CPU
		{7CD4EDB8-B77F-D554-ECAA-DEB25785A44D}.Debug|Any CPU.ActiveCfg = Debug|Any CPU
		{7CD4EDB8-B77F-D554-ECAA-DEB25785A44D}.Debug|Any CPU.Build.0 = Debug|Any CPU
		{7CD4EDB8-B77F-D554-ECAA-DEB25785A44D}.Release|Any CPU.ActiveCfg = Release|Any CPU
		{7CD4EDB8-B77F-D554-ECAA-DEB25785A44D}.Release|Any CPU.Build.0 = Release|Any CPU
	EndGlobalSection
	GlobalSection(SolutionProperties) = preSolution
		HideSolutionNode = FALSE
	EndGlobalSection
EndGlobal
