
Microsoft Visual Studio Solution File, Format Version 12.00
# Visual Studio 15
Project("{FAE04EC0-301F-11D3-BF4B-00C04F79EFBC}") = "FastSpringBone", "FastSpringBone.csproj", "{AF851E40-BBB4-1072-FA6C-B3B56C6B30B5}"
EndProject
Project("{FAE04EC0-301F-11D3-BF4B-00C04F79EFBC}") = "UniGLTF", "UniGLTF.csproj", "{2DD7A90C-D063-E045-12AF-65E8453B982E}"
EndProject
Project("{FAE04EC0-301F-11D3-BF4B-00C04F79EFBC}") = "UniHumanoid", "UniHumanoid.csproj", "{6E7F4051-2EC7-8E74-2D4D-29DEF1BD136E}"
EndProject
Project("{FAE04EC0-301F-11D3-BF4B-00C04F79EFBC}") = "VRM", "VRM.csproj", "{08E3974E-84EF-61F2-892B-85A6FD4BC89C}"
EndProject
Project("{FAE04EC0-301F-11D3-BF4B-00C04F79EFBC}") = "VRMShaders.GLTF.IO.Runtime", "VRMShaders.GLTF.IO.Runtime.csproj", "{36934D34-27A1-61CB-5612-298FF8EE0801}"
EndProject
Project("{FAE04EC0-301F-11D3-BF4B-00C04F79EFBC}") = "Assembly-CSharp", "Assembly-CSharp.csproj", "{A7C6E68E-B069-FB1A-8C8D-68615CE8BB59}"
EndProject
Project("{FAE04EC0-301F-11D3-BF4B-00C04F79EFBC}") = "VRMShaders.VRM10.MToon10.Runtime", "VRMShaders.VRM10.MToon10.Runtime.csproj", "{F068F1BE-5B65-AA47-5D5C-C6DB2EA5A0E3}"
EndProject
Project("{FAE04EC0-301F-11D3-BF4B-00C04F79EFBC}") = "Assembly-CSharp-firstpass", "Assembly-CSharp-firstpass.csproj", "{F2812B46-D5FE-6940-D873-573CFFDA184F}"
EndProject
Project("{FAE04EC0-301F-11D3-BF4B-00C04F79EFBC}") = "VRMShaders.GLTF.UniUnlit.Runtime", "VRMShaders.GLTF.UniUnlit.Runtime.csproj", "{364B7F54-D73A-794D-429F-1958FC594C5A}"
EndProject
Project("{FAE04EC0-301F-11D3-BF4B-00C04F79EFBC}") = "VRMShaders.VRM.IO.Runtime", "VRMShaders.VRM.IO.Runtime.csproj", "{31C11FF2-2031-D00A-7336-555534A04C64}"
EndProject
Project("{FAE04EC0-301F-11D3-BF4B-00C04F79EFBC}") = "MToon", "MToon.csproj", "{5A685DF0-F52E-5B16-EBC2-B0DD9640D164}"
EndProject
Project("{FAE04EC0-301F-11D3-BF4B-00C04F79EFBC}") = "VRMShaders.VRM10.Format.Runtime", "VRMShaders.VRM10.Format.Runtime.csproj", "{CBC74852-4055-D0AB-E12B-60B3A12131F3}"
EndProject
Project("{FAE04EC0-301F-11D3-BF4B-00C04F79EFBC}") = "UniGLTF.Samples.ScreenSpace", "UniGLTF.Samples.ScreenSpace.csproj", "{39C0F8BC-4F24-4483-3556-E5934F616046}"
EndProject
Project("{FAE04EC0-301F-11D3-BF4B-00C04F79EFBC}") = "VRM.Tests", "VRM.Tests.csproj", "{AC855756-76D6-3826-EC28-3BAC1F72DC99}"
EndProject
Project("{FAE04EC0-301F-11D3-BF4B-00C04F79EFBC}") = "UniGLTF.Tests", "UniGLTF.Tests.csproj", "{A703014D-AC28-96DC-4AF1-9E9B4E5274DB}"
EndProject
Project("{FAE04EC0-301F-11D3-BF4B-00C04F79EFBC}") = "UniGLTF.Editor", "UniGLTF.Editor.csproj", "{34C270F2-FC7C-3DD3-C253-27B2CB6AA3D5}"
EndProject
Project("{FAE04EC0-301F-11D3-BF4B-00C04F79EFBC}") = "UniVRM.Editor", "UniVRM.Editor.csproj", "{2A7FCB1E-880F-BBCC-E4A3-F776DFF9E135}"
EndProject
Project("{FAE04EC0-301F-11D3-BF4B-00C04F79EFBC}") = "VRMShaders.GLTF.UniUnlit.Editor", "VRMShaders.GLTF.UniUnlit.Editor.csproj", "{9145E195-91C9-5108-261A-31006C52538B}"
EndProject
Project("{FAE04EC0-301F-11D3-BF4B-00C04F79EFBC}") = "UniHumanoid.Editor", "UniHumanoid.Editor.csproj", "{EBD6C319-1E72-8610-0C75-2D489C634D85}"
EndProject
Project("{FAE04EC0-301F-11D3-BF4B-00C04F79EFBC}") = "VRMShaders.GLTF.IO.Tests", "VRMShaders.GLTF.IO.Tests.csproj", "{9A0681B4-9D06-8141-BE25-6CCBC86E5820}"
EndProject
Project("{FAE04EC0-301F-11D3-BF4B-00C04F79EFBC}") = "Assembly-CSharp-Editor", "Assembly-CSharp-Editor.csproj", "{B3446E48-E525-FE0D-E437-8B271DCEEFE0}"
EndProject
Project("{FAE04EC0-301F-11D3-BF4B-00C04F79EFBC}") = "Assembly-CSharp-Editor-firstpass", "Assembly-CSharp-Editor-firstpass.csproj", "{50557497-C058-7CD7-4819-CA840AD803AA}"
EndProject
Project("{FAE04EC0-301F-11D3-BF4B-00C04F79EFBC}") = "VRMShaders.VRM10.MToon10.Tests", "VRMShaders.VRM10.MToon10.Tests.csproj", "{9E3BF1D3-695C-6D3D-C88B-196D1249D5D7}"
EndProject
Project("{FAE04EC0-301F-11D3-BF4B-00C04F79EFBC}") = "VRMShaders.VRM10.MToon10.Editor", "VRMShaders.VRM10.MToon10.Editor.csproj", "{19A103AE-5107-3F2D-BFCD-E133E77F7AB4}"
EndProject
Project("{FAE04EC0-301F-11D3-BF4B-00C04F79EFBC}") = "UniHumanoid.Editor.Tests", "UniHumanoid.Editor.Tests.csproj", "{D716617D-2196-AB9C-458C-AE5864FB064D}"
EndProject
Project("{FAE04EC0-301F-11D3-BF4B-00C04F79EFBC}") = "MToon.Editor", "MToon.Editor.csproj", "{88856939-5027-5981-A168-A6C3EB0D47B4}"
EndProject
Project("{FAE04EC0-301F-11D3-BF4B-00C04F79EFBC}") = "VRM.Samples.Editor.Tests", "VRM.Samples.Editor.Tests.csproj", "{19FBDC9F-3977-DC8C-7FB8-AD92A689CFFC}"
EndProject
Project("{FAE04EC0-301F-11D3-BF4B-00C04F79EFBC}") = "VRMShaders.GLTF.IO.Editor", "VRMShaders.GLTF.IO.Editor.csproj", "{48BDAB7A-8540-1040-6270-A99DB096ADFE}"
EndProject
Project("{FAE04EC0-301F-11D3-BF4B-00C04F79EFBC}") = "VRMShaders.VRM.IO.Editor", "VRMShaders.VRM.IO.Editor.csproj", "{77EE86BF-A01F-B4A3-8D41-7CB8F26613D1}"
EndProject
Global
	GlobalSection(SolutionConfigurationPlatforms) = preSolution
		Debug|Any CPU = Debug|Any CPU
		Release|Any CPU = Release|Any CPU
	EndGlobalSection
	GlobalSection(ProjectConfigurationPlatforms) = postSolution
		{AF851E40-BBB4-1072-FA6C-B3B56C6B30B5}.Debug|Any CPU.ActiveCfg = Debug|Any CPU
		{AF851E40-BBB4-1072-FA6C-B3B56C6B30B5}.Debug|Any CPU.Build.0 = Debug|Any CPU
		{AF851E40-BBB4-1072-FA6C-B3B56C6B30B5}.Release|Any CPU.ActiveCfg = Release|Any CPU
		{AF851E40-BBB4-1072-FA6C-B3B56C6B30B5}.Release|Any CPU.Build.0 = Release|Any CPU
		{2DD7A90C-D063-E045-12AF-65E8453B982E}.Debug|Any CPU.ActiveCfg = Debug|Any CPU
		{2DD7A90C-D063-E045-12AF-65E8453B982E}.Debug|Any CPU.Build.0 = Debug|Any CPU
		{2DD7A90C-D063-E045-12AF-65E8453B982E}.Release|Any CPU.ActiveCfg = Release|Any CPU
		{2DD7A90C-D063-E045-12AF-65E8453B982E}.Release|Any CPU.Build.0 = Release|Any CPU
		{6E7F4051-2EC7-8E74-2D4D-29DEF1BD136E}.Debug|Any CPU.ActiveCfg = Debug|Any CPU
		{6E7F4051-2EC7-8E74-2D4D-29DEF1BD136E}.Debug|Any CPU.Build.0 = Debug|Any CPU
		{6E7F4051-2EC7-8E74-2D4D-29DEF1BD136E}.Release|Any CPU.ActiveCfg = Release|Any CPU
		{6E7F4051-2EC7-8E74-2D4D-29DEF1BD136E}.Release|Any CPU.Build.0 = Release|Any CPU
		{08E3974E-84EF-61F2-892B-85A6FD4BC89C}.Debug|Any CPU.ActiveCfg = Debug|Any CPU
		{08E3974E-84EF-61F2-892B-85A6FD4BC89C}.Debug|Any CPU.Build.0 = Debug|Any CPU
		{08E3974E-84EF-61F2-892B-85A6FD4BC89C}.Release|Any CPU.ActiveCfg = Release|Any CPU
		{08E3974E-84EF-61F2-892B-85A6FD4BC89C}.Release|Any CPU.Build.0 = Release|Any CPU
		{36934D34-27A1-61CB-5612-298FF8EE0801}.Debug|Any CPU.ActiveCfg = Debug|Any CPU
		{36934D34-27A1-61CB-5612-298FF8EE0801}.Debug|Any CPU.Build.0 = Debug|Any CPU
		{36934D34-27A1-61CB-5612-298FF8EE0801}.Release|Any CPU.ActiveCfg = Release|Any CPU
		{36934D34-27A1-61CB-5612-298FF8EE0801}.Release|Any CPU.Build.0 = Release|Any CPU
		{A7C6E68E-B069-FB1A-8C8D-68615CE8BB59}.Debug|Any CPU.ActiveCfg = Debug|Any CPU
		{A7C6E68E-B069-FB1A-8C8D-68615CE8BB59}.Debug|Any CPU.Build.0 = Debug|Any CPU
		{A7C6E68E-B069-FB1A-8C8D-68615CE8BB59}.Release|Any CPU.ActiveCfg = Release|Any CPU
		{A7C6E68E-B069-FB1A-8C8D-68615CE8BB59}.Release|Any CPU.Build.0 = Release|Any CPU
		{F068F1BE-5B65-AA47-5D5C-C6DB2EA5A0E3}.Debug|Any CPU.ActiveCfg = Debug|Any CPU
		{F068F1BE-5B65-AA47-5D5C-C6DB2EA5A0E3}.Debug|Any CPU.Build.0 = Debug|Any CPU
		{F068F1BE-5B65-AA47-5D5C-C6DB2EA5A0E3}.Release|Any CPU.ActiveCfg = Release|Any CPU
		{F068F1BE-5B65-AA47-5D5C-C6DB2EA5A0E3}.Release|Any CPU.Build.0 = Release|Any CPU
		{F2812B46-D5FE-6940-D873-573CFFDA184F}.Debug|Any CPU.ActiveCfg = Debug|Any CPU
		{F2812B46-D5FE-6940-D873-573CFFDA184F}.Debug|Any CPU.Build.0 = Debug|Any CPU
		{F2812B46-D5FE-6940-D873-573CFFDA184F}.Release|Any CPU.ActiveCfg = Release|Any CPU
		{F2812B46-D5FE-6940-D873-573CFFDA184F}.Release|Any CPU.Build.0 = Release|Any CPU
		{364B7F54-D73A-794D-429F-1958FC594C5A}.Debug|Any CPU.ActiveCfg = Debug|Any CPU
		{364B7F54-D73A-794D-429F-1958FC594C5A}.Debug|Any CPU.Build.0 = Debug|Any CPU
		{364B7F54-D73A-794D-429F-1958FC594C5A}.Release|Any CPU.ActiveCfg = Release|Any CPU
		{364B7F54-D73A-794D-429F-1958FC594C5A}.Release|Any CPU.Build.0 = Release|Any CPU
		{31C11FF2-2031-D00A-7336-555534A04C64}.Debug|Any CPU.ActiveCfg = Debug|Any CPU
		{31C11FF2-2031-D00A-7336-555534A04C64}.Debug|Any CPU.Build.0 = Debug|Any CPU
		{31C11FF2-2031-D00A-7336-555534A04C64}.Release|Any CPU.ActiveCfg = Release|Any CPU
		{31C11FF2-2031-D00A-7336-555534A04C64}.Release|Any CPU.Build.0 = Release|Any CPU
		{5A685DF0-F52E-5B16-EBC2-B0DD9640D164}.Debug|Any CPU.ActiveCfg = Debug|Any CPU
		{5A685DF0-F52E-5B16-EBC2-B0DD9640D164}.Debug|Any CPU.Build.0 = Debug|Any CPU
		{5A685DF0-F52E-5B16-EBC2-B0DD9640D164}.Release|Any CPU.ActiveCfg = Release|Any CPU
		{5A685DF0-F52E-5B16-EBC2-B0DD9640D164}.Release|Any CPU.Build.0 = Release|Any CPU
		{CBC74852-4055-D0AB-E12B-60B3A12131F3}.Debug|Any CPU.ActiveCfg = Debug|Any CPU
		{CBC74852-4055-D0AB-E12B-60B3A12131F3}.Debug|Any CPU.Build.0 = Debug|Any CPU
		{CBC74852-4055-D0AB-E12B-60B3A12131F3}.Release|Any CPU.ActiveCfg = Release|Any CPU
		{CBC74852-4055-D0AB-E12B-60B3A12131F3}.Release|Any CPU.Build.0 = Release|Any CPU
		{39C0F8BC-4F24-4483-3556-E5934F616046}.Debug|Any CPU.ActiveCfg = Debug|Any CPU
		{39C0F8BC-4F24-4483-3556-E5934F616046}.Debug|Any CPU.Build.0 = Debug|Any CPU
		{39C0F8BC-4F24-4483-3556-E5934F616046}.Release|Any CPU.ActiveCfg = Release|Any CPU
		{39C0F8BC-4F24-4483-3556-E5934F616046}.Release|Any CPU.Build.0 = Release|Any CPU
		{AC855756-76D6-3826-EC28-3BAC1F72DC99}.Debug|Any CPU.ActiveCfg = Debug|Any CPU
		{AC855756-76D6-3826-EC28-3BAC1F72DC99}.Debug|Any CPU.Build.0 = Debug|Any CPU
		{AC855756-76D6-3826-EC28-3BAC1F72DC99}.Release|Any CPU.ActiveCfg = Release|Any CPU
		{AC855756-76D6-3826-EC28-3BAC1F72DC99}.Release|Any CPU.Build.0 = Release|Any CPU
		{A703014D-AC28-96DC-4AF1-9E9B4E5274DB}.Debug|Any CPU.ActiveCfg = Debug|Any CPU
		{A703014D-AC28-96DC-4AF1-9E9B4E5274DB}.Debug|Any CPU.Build.0 = Debug|Any CPU
		{A703014D-AC28-96DC-4AF1-9E9B4E5274DB}.Release|Any CPU.ActiveCfg = Release|Any CPU
		{A703014D-AC28-96DC-4AF1-9E9B4E5274DB}.Release|Any CPU.Build.0 = Release|Any CPU
		{34C270F2-FC7C-3DD3-C253-27B2CB6AA3D5}.Debug|Any CPU.ActiveCfg = Debug|Any CPU
		{34C270F2-FC7C-3DD3-C253-27B2CB6AA3D5}.Debug|Any CPU.Build.0 = Debug|Any CPU
		{34C270F2-FC7C-3DD3-C253-27B2CB6AA3D5}.Release|Any CPU.ActiveCfg = Release|Any CPU
		{34C270F2-FC7C-3DD3-C253-27B2CB6AA3D5}.Release|Any CPU.Build.0 = Release|Any CPU
		{2A7FCB1E-880F-BBCC-E4A3-F776DFF9E135}.Debug|Any CPU.ActiveCfg = Debug|Any CPU
		{2A7FCB1E-880F-BBCC-E4A3-F776DFF9E135}.Debug|Any CPU.Build.0 = Debug|Any CPU
		{2A7FCB1E-880F-BBCC-E4A3-F776DFF9E135}.Release|Any CPU.ActiveCfg = Release|Any CPU
		{2A7FCB1E-880F-BBCC-E4A3-F776DFF9E135}.Release|Any CPU.Build.0 = Release|Any CPU
		{9145E195-91C9-5108-261A-31006C52538B}.Debug|Any CPU.ActiveCfg = Debug|Any CPU
		{9145E195-91C9-5108-261A-31006C52538B}.Debug|Any CPU.Build.0 = Debug|Any CPU
		{9145E195-91C9-5108-261A-31006C52538B}.Release|Any CPU.ActiveCfg = Release|Any CPU
		{9145E195-91C9-5108-261A-31006C52538B}.Release|Any CPU.Build.0 = Release|Any CPU
		{EBD6C319-1E72-8610-0C75-2D489C634D85}.Debug|Any CPU.ActiveCfg = Debug|Any CPU
		{EBD6C319-1E72-8610-0C75-2D489C634D85}.Debug|Any CPU.Build.0 = Debug|Any CPU
		{EBD6C319-1E72-8610-0C75-2D489C634D85}.Release|Any CPU.ActiveCfg = Release|Any CPU
		{EBD6C319-1E72-8610-0C75-2D489C634D85}.Release|Any CPU.Build.0 = Release|Any CPU
		{9A0681B4-9D06-8141-BE25-6CCBC86E5820}.Debug|Any CPU.ActiveCfg = Debug|Any CPU
		{9A0681B4-9D06-8141-BE25-6CCBC86E5820}.Debug|Any CPU.Build.0 = Debug|Any CPU
		{9A0681B4-9D06-8141-BE25-6CCBC86E5820}.Release|Any CPU.ActiveCfg = Release|Any CPU
		{9A0681B4-9D06-8141-BE25-6CCBC86E5820}.Release|Any CPU.Build.0 = Release|Any CPU
		{B3446E48-E525-FE0D-E437-8B271DCEEFE0}.Debug|Any CPU.ActiveCfg = Debug|Any CPU
		{B3446E48-E525-FE0D-E437-8B271DCEEFE0}.Debug|Any CPU.Build.0 = Debug|Any CPU
		{B3446E48-E525-FE0D-E437-8B271DCEEFE0}.Release|Any CPU.ActiveCfg = Release|Any CPU
		{B3446E48-E525-FE0D-E437-8B271DCEEFE0}.Release|Any CPU.Build.0 = Release|Any CPU
		{50557497-C058-7CD7-4819-CA840AD803AA}.Debug|Any CPU.ActiveCfg = Debug|Any CPU
		{50557497-C058-7CD7-4819-CA840AD803AA}.Debug|Any CPU.Build.0 = Debug|Any CPU
		{50557497-C058-7CD7-4819-CA840AD803AA}.Release|Any CPU.ActiveCfg = Release|Any CPU
		{50557497-C058-7CD7-4819-CA840AD803AA}.Release|Any CPU.Build.0 = Release|Any CPU
		{9E3BF1D3-695C-6D3D-C88B-196D1249D5D7}.Debug|Any CPU.ActiveCfg = Debug|Any CPU
		{9E3BF1D3-695C-6D3D-C88B-196D1249D5D7}.Debug|Any CPU.Build.0 = Debug|Any CPU
		{9E3BF1D3-695C-6D3D-C88B-196D1249D5D7}.Release|Any CPU.ActiveCfg = Release|Any CPU
		{9E3BF1D3-695C-6D3D-C88B-196D1249D5D7}.Release|Any CPU.Build.0 = Release|Any CPU
		{19A103AE-5107-3F2D-BFCD-E133E77F7AB4}.Debug|Any CPU.ActiveCfg = Debug|Any CPU
		{19A103AE-5107-3F2D-BFCD-E133E77F7AB4}.Debug|Any CPU.Build.0 = Debug|Any CPU
		{19A103AE-5107-3F2D-BFCD-E133E77F7AB4}.Release|Any CPU.ActiveCfg = Release|Any CPU
		{19A103AE-5107-3F2D-BFCD-E133E77F7AB4}.Release|Any CPU.Build.0 = Release|Any CPU
		{D716617D-2196-AB9C-458C-AE5864FB064D}.Debug|Any CPU.ActiveCfg = Debug|Any CPU
		{D716617D-2196-AB9C-458C-AE5864FB064D}.Debug|Any CPU.Build.0 = Debug|Any CPU
		{D716617D-2196-AB9C-458C-AE5864FB064D}.Release|Any CPU.ActiveCfg = Release|Any CPU
		{D716617D-2196-AB9C-458C-AE5864FB064D}.Release|Any CPU.Build.0 = Release|Any CPU
		{88856939-5027-5981-A168-A6C3EB0D47B4}.Debug|Any CPU.ActiveCfg = Debug|Any CPU
		{88856939-5027-5981-A168-A6C3EB0D47B4}.Debug|Any CPU.Build.0 = Debug|Any CPU
		{88856939-5027-5981-A168-A6C3EB0D47B4}.Release|Any CPU.ActiveCfg = Release|Any CPU
		{88856939-5027-5981-A168-A6C3EB0D47B4}.Release|Any CPU.Build.0 = Release|Any CPU
		{19FBDC9F-3977-DC8C-7FB8-AD92A689CFFC}.Debug|Any CPU.ActiveCfg = Debug|Any CPU
		{19FBDC9F-3977-DC8C-7FB8-AD92A689CFFC}.Debug|Any CPU.Build.0 = Debug|Any CPU
		{19FBDC9F-3977-DC8C-7FB8-AD92A689CFFC}.Release|Any CPU.ActiveCfg = Release|Any CPU
		{19FBDC9F-3977-DC8C-7FB8-AD92A689CFFC}.Release|Any CPU.Build.0 = Release|Any CPU
		{48BDAB7A-8540-1040-6270-A99DB096ADFE}.Debug|Any CPU.ActiveCfg = Debug|Any CPU
		{48BDAB7A-8540-1040-6270-A99DB096ADFE}.Debug|Any CPU.Build.0 = Debug|Any CPU
		{48BDAB7A-8540-1040-6270-A99DB096ADFE}.Release|Any CPU.ActiveCfg = Release|Any CPU
		{48BDAB7A-8540-1040-6270-A99DB096ADFE}.Release|Any CPU.Build.0 = Release|Any CPU
		{77EE86BF-A01F-B4A3-8D41-7CB8F26613D1}.Debug|Any CPU.ActiveCfg = Debug|Any CPU
		{77EE86BF-A01F-B4A3-8D41-7CB8F26613D1}.Debug|Any CPU.Build.0 = Debug|Any CPU
		{77EE86BF-A01F-B4A3-8D41-7CB8F26613D1}.Release|Any CPU.ActiveCfg = Release|Any CPU
		{77EE86BF-A01F-B4A3-8D41-7CB8F26613D1}.Release|Any CPU.Build.0 = Release|Any CPU
	EndGlobalSection
	GlobalSection(SolutionProperties) = preSolution
		HideSolutionNode = FALSE
	EndGlobalSection
EndGlobal
